<?xml version="1.0" encoding="utf-8"?>
<Project ToolsVersion="4.0" xmlns="http://schemas.microsoft.com/developer/msbuild/2003">
  <ItemGroup>
    <Filter Include="リソース ファイル">
      <UniqueIdentifier>{67DA6AB6-F800-4c08-8B7A-83BB121AAD01}</UniqueIdentifier>
      <Extensions>rc;ico;cur;bmp;dlg;rc2;rct;bin;rgs;gif;jpg;jpeg;jpe;resx;tiff;tif;png;wav;mfcribbon-ms</Extensions>
    </Filter>
    <Filter Include="manager">
      <UniqueIdentifier>{06b54cdc-a6cb-4ed9-9af1-fa19159e78e0}</UniqueIdentifier>
    </Filter>
    <Filter Include="scene">
      <UniqueIdentifier>{25473c27-2e34-4639-aa35-d9c366b6aadf}</UniqueIdentifier>
    </Filter>
    <Filter Include="scene\base">
      <UniqueIdentifier>{082fe2ed-88c2-4aa9-adf4-87865417c4d7}</UniqueIdentifier>
    </Filter>
    <Filter Include="container">
      <UniqueIdentifier>{8807bcc5-198a-4392-96f6-9750c46f5920}</UniqueIdentifier>
    </Filter>
  </ItemGroup>
  <ItemGroup>
    <ResourceCompile Include="resource.rc">
      <Filter>リソース ファイル</Filter>
    </ResourceCompile>
  </ItemGroup>
  <ItemGroup>
    <None Include="cpp.hint">
      <Filter>リソース ファイル</Filter>
    </None>
  </ItemGroup>
  <ItemGroup>
    <ClCompile Include="GAME.cpp">
      <Filter>manager</Filter>
    </ClCompile>
    <ClCompile Include="gmain.cpp">
      <Filter>manager</Filter>
    </ClCompile>
    <ClCompile Include="GAME_CLEAR.cpp">
      <Filter>scene</Filter>
    </ClCompile>
    <ClCompile Include="GAME_OBJECT.cpp">
      <Filter>scene</Filter>
    </ClCompile>
    <ClCompile Include="GAME_OVER.cpp">
      <Filter>scene</Filter>
    </ClCompile>
    <ClCompile Include="STAGE.cpp">
      <Filter>scene</Filter>
    </ClCompile>
    <ClCompile Include="TITLE.cpp">
      <Filter>scene</Filter>
    </ClCompile>
    <ClCompile Include="SCENE.cpp">
      <Filter>scene\base</Filter>
    </ClCompile>
    <ClCompile Include="CONTAINER.cpp">
      <Filter>container</Filter>
    </ClCompile>
    <ClCompile Include="PLAYER.cpp" />
    <ClCompile Include="ENEMIES.cpp" />
    <ClCompile Include="BULLETS.cpp" />
    <ClCompile Include="PLAYER_BULLETS.cpp" />
    <ClCompile Include="ENEMY_BULLETS.cpp" />
    <ClCompile Include="HP_GAUGE.cpp" />
  </ItemGroup>
  <ItemGroup>
    <ClInclude Include="GAME.h">
      <Filter>manager</Filter>
    </ClInclude>
    <ClInclude Include="GAME_CLEAR.h">
      <Filter>scene</Filter>
    </ClInclude>
    <ClInclude Include="GAME_OBJECT.h">
      <Filter>scene</Filter>
    </ClInclude>
    <ClInclude Include="GAME_OVER.h">
      <Filter>scene</Filter>
    </ClInclude>
    <ClInclude Include="STAGE.h">
      <Filter>scene</Filter>
    </ClInclude>
    <ClInclude Include="TITLE.h">
      <Filter>scene</Filter>
    </ClInclude>
    <ClInclude Include="SCENE.h">
      <Filter>scene\base</Filter>
    </ClInclude>
    <ClInclude Include="CONTAINER.h">
      <Filter>container</Filter>
    </ClInclude>
    <ClInclude Include="PLAYER.h" />
    <ClInclude Include="ENEMIES.h" />
    <ClInclude Include="BULLETS.h" />
    <ClInclude Include="PLAYER_BULLETS.h" />
    <ClInclude Include="ENEMY_BULLETS.h" />
    <ClInclude Include="HP_GAUGE.h" />
  </ItemGroup>
</Project>